
Microsoft Visual Studio Solution File, Format Version 12.00
# Visual Studio Version 17
VisualStudioVersion = 17.8.34525.116
MinimumVisualStudioVersion = 10.0.40219.1
Project("{FAE04EC0-301F-11D3-BF4B-00C04F79EFBC}") = "L01P02_2021RV650", "L01P02_2021RV650\L01P02_2021RV650.csproj", "{9AFD6662-3D50-43EF-B06A-EA8E17EEE968}"
EndProject
Global
	GlobalSection(SolutionConfigurationPlatforms) = preSolution
		Debug|Any CPU = Debug|Any CPU
		Release|Any CPU = Release|Any CPU
	EndGlobalSection
	GlobalSection(ProjectConfigurationPlatforms) = postSolution
		{9AFD6662-3D50-43EF-B06A-EA8E17EEE968}.Debug|Any CPU.ActiveCfg = Debug|Any CPU
		{9AFD6662-3D50-43EF-B06A-EA8E17EEE968}.Debug|Any CPU.Build.0 = Debug|Any CPU
		{9AFD6662-3D50-43EF-B06A-EA8E17EEE968}.Release|Any CPU.ActiveCfg = Release|Any CPU
		{9AFD6662-3D50-43EF-B06A-EA8E17EEE968}.Release|Any CPU.Build.0 = Release|Any CPU
	EndGlobalSection
	GlobalSection(SolutionProperties) = preSolution
		HideSolutionNode = FALSE
	EndGlobalSection
	GlobalSection(ExtensibilityGlobals) = postSolution
		SolutionGuid = {681D5226-75FB-448E-A568-6068FB8FBDBA}
	EndGlobalSection
EndGlobal
